{
  "name": "b5-utils",
  "version": "1.0.0",
  "lockfileVersion": 1,
  "requires": true,
  "dependencies": {
    "@alheimsins/b5-50-ipip-neo-pi-r": {
      "version": "3.0.0",
      "resolved": "https://registry.npmjs.org/@alheimsins/b5-50-ipip-neo-pi-r/-/b5-50-ipip-neo-pi-r-3.0.0.tgz",
      "integrity": "sha512-X9NnnBED8KZvKMzFsVZQZNREY1LQzKjpUW5g3oINzft0n0PJB675+7I1VlTIx63dsvvdW9Y5g/v5xTuF5c1Tow==",
      "requires": {
        "knuth-shuffle": "1.0.8"
      }
    },
    "@alheimsins/b5-costa-mccrae-300-ipip-neo-pi-r": {
      "version": "4.0.0",
      "resolved": "https://registry.npmjs.org/@alheimsins/b5-costa-mccrae-300-ipip-neo-pi-r/-/b5-costa-mccrae-300-ipip-neo-pi-r-4.0.0.tgz",
      "integrity": "sha512-TjqSKkUT4oyXMUcaU9FqRlZjIIVd9mrddSz4KUfykKEPJ0fb3zU4Z7JUmMuS6+rniNmRHB8apYSAt0SfpKTiXA==",
      "requires": {
        "knuth-shuffle": "1.0.8"
      }
    },
    "@alheimsins/b5-johnson-120-ipip-neo-pi-r": {
      "version": "5.2.0",
      "resolved": "https://registry.npmjs.org/@alheimsins/b5-johnson-120-ipip-neo-pi-r/-/b5-johnson-120-ipip-neo-pi-r-5.2.0.tgz",
      "integrity": "sha512-MkRXIf5ctVQbmEcJuPV6B70ttwEgpPrOKsCd1Aamjq2+maWatth20znptSOWQR0xiY6luxiChpm5pk5scqwX/Q==",
      "requires": {
        "knuth-shuffle": "1.0.8"
      }
    },
    "knuth-shuffle": {
      "version": "1.0.8",
      "resolved": "https://registry.npmjs.org/knuth-shuffle/-/knuth-shuffle-1.0.8.tgz",
      "integrity": "sha512-IdC4Hpp+mx53zTt6VAGsAtbGM0g4BV9fP8tTcviCosSwocHcRDw9uG5Rnv6wLWckF4r72qeXFoK9NkvV1gUJCQ=="
    }
  }
}
